
Microsoft Visual Studio Solution File, Format Version 12.00
# Visual Studio Version 17
VisualStudioVersion = 17.0.32014.148
MinimumVisualStudioVersion = 10.0.40219.1
Project("{FAE04EC0-301F-11D3-BF4B-00C04F79EFBC}") = "ServiceDesk_WebApp", "ServiceDesk_WebApp\ServiceDesk_WebApp.csproj", "{F28FDB44-9D15-45B6-82D7-F47B4F84B62A}"
EndProject
Global
	GlobalSection(SolutionConfigurationPlatforms) = preSolution
		Debug|Any CPU = Debug|Any CPU
		Release|Any CPU = Release|Any CPU
	EndGlobalSection
	GlobalSection(ProjectConfigurationPlatforms) = postSolution
		{F28FDB44-9D15-45B6-82D7-F47B4F84B62A}.Debug|Any CPU.ActiveCfg = Debug|Any CPU
		{F28FDB44-9D15-45B6-82D7-F47B4F84B62A}.Debug|Any CPU.Build.0 = Debug|Any CPU
		{F28FDB44-9D15-45B6-82D7-F47B4F84B62A}.Release|Any CPU.ActiveCfg = Release|Any CPU
		{F28FDB44-9D15-45B6-82D7-F47B4F84B62A}.Release|Any CPU.Build.0 = Release|Any CPU
	EndGlobalSection
	GlobalSection(SolutionProperties) = preSolution
		HideSolutionNode = FALSE
	EndGlobalSection
	GlobalSection(ExtensibilityGlobals) = postSolution
		SolutionGuid = {841C1DA2-1C31-4C71-8E25-D36B387FDA40}
	EndGlobalSection
EndGlobal
